// !$*UTF8*$!
{
	archiveVersion = 1;
	classes = {
	};
	objectVersion = 56;
	objects = {

/* Begin PBXBuildFile section */
		1C3FD28E2BE2EED8007C60B4 /* AppDelegate.swift in Sources */ = {isa = PBXBuildFile; fileRef = 1C3FD28D2BE2EED8007C60B4 /* AppDelegate.swift */; };
		1C3FD2902BE2EED8007C60B4 /* SceneDelegate.swift in Sources */ = {isa = PBXBuildFile; fileRef = 1C3FD28F2BE2EED8007C60B4 /* SceneDelegate.swift */; };
		1C3FD2922BE2EED8007C60B4 /* ViewController.swift in Sources */ = {isa = PBXBuildFile; fileRef = 1C3FD2912BE2EED8007C60B4 /* ViewController.swift */; };
		1C3FD2952BE2EED8007C60B4 /* Base in Resources */ = {isa = PBXBuildFile; fileRef = 1C3FD2942BE2EED8007C60B4 /* Base */; };
		1C3FD2982BE2EED8007C60B4 /* Grade_Calculator.xcdatamodeld in Sources */ = {isa = PBXBuildFile; fileRef = 1C3FD2962BE2EED8007C60B4 /* Grade_Calculator.xcdatamodeld */; };
		1C3FD29A2BE2EED9007C60B4 /* Assets.xcassets in Resources */ = {isa = PBXBuildFile; fileRef = 1C3FD2992BE2EED9007C60B4 /* Assets.xcassets */; };
		1C3FD29D2BE2EED9007C60B4 /* Base in Resources */ = {isa = PBXBuildFile; fileRef = 1C3FD29C2BE2EED9007C60B4 /* Base */; };
		1C3FD2A82BE2EED9007C60B4 /* Grade_CalculatorTests.swift in Sources */ = {isa = PBXBuildFile; fileRef = 1C3FD2A72BE2EED9007C60B4 /* Grade_CalculatorTests.swift */; };
		1C3FD2B22BE2EED9007C60B4 /* Grade_CalculatorUITests.swift in Sources */ = {isa = PBXBuildFile; fileRef = 1C3FD2B12BE2EED9007C60B4 /* Grade_CalculatorUITests.swift */; };
		1C3FD2B42BE2EED9007C60B4 /* Grade_CalculatorUITestsLaunchTests.swift in Sources */ = {isa = PBXBuildFile; fileRef = 1C3FD2B32BE2EED9007C60B4 /* Grade_CalculatorUITestsLaunchTests.swift */; };
		1C3FD2C42BE2EF6C007C60B4 /* SchoolCourse+CoreDataClass.swift in Sources */ = {isa = PBXBuildFile; fileRef = 1C3FD2C02BE2EF6C007C60B4 /* SchoolCourse+CoreDataClass.swift */; };
		1C3FD2C52BE2EF6C007C60B4 /* SchoolCourse+CoreDataProperties.swift in Sources */ = {isa = PBXBuildFile; fileRef = 1C3FD2C12BE2EF6C007C60B4 /* SchoolCourse+CoreDataProperties.swift */; };
		1C3FD2C62BE2EF6C007C60B4 /* Homework+CoreDataClass.swift in Sources */ = {isa = PBXBuildFile; fileRef = 1C3FD2C22BE2EF6C007C60B4 /* Homework+CoreDataClass.swift */; };
		1C3FD2C72BE2EF6C007C60B4 /* Homework+CoreDataProperties.swift in Sources */ = {isa = PBXBuildFile; fileRef = 1C3FD2C32BE2EF6C007C60B4 /* Homework+CoreDataProperties.swift */; };
		1C3FD2C92BE2EF92007C60B4 /* DataManager.swift in Sources */ = {isa = PBXBuildFile; fileRef = 1C3FD2C82BE2EF92007C60B4 /* DataManager.swift */; };
/* End PBXBuildFile section */

/* Begin PBXContainerItemProxy section */
		1C3FD2A42BE2EED9007C60B4 /* PBXContainerItemProxy */ = {
			isa = PBXContainerItemProxy;
			containerPortal = 1C3FD2822BE2EED8007C60B4 /* Project object */;
			proxyType = 1;
			remoteGlobalIDString = 1C3FD2892BE2EED8007C60B4;
			remoteInfo = "Grade Calculator";
		};
		1C3FD2AE2BE2EED9007C60B4 /* PBXContainerItemProxy */ = {
			isa = PBXContainerItemProxy;
			containerPortal = 1C3FD2822BE2EED8007C60B4 /* Project object */;
			proxyType = 1;
			remoteGlobalIDString = 1C3FD2892BE2EED8007C60B4;
			remoteInfo = "Grade Calculator";
		};
/* End PBXContainerItemProxy section */

/* Begin PBXFileReference section */
		1C3FD28A2BE2EED8007C60B4 /* Grade Calculator.app */ = {isa = PBXFileReference; explicitFileType = wrapper.application; includeInIndex = 0; path = "Grade Calculator.app"; sourceTree = BUILT_PRODUCTS_DIR; };
		1C3FD28D2BE2EED8007C60B4 /* AppDelegate.swift */ = {isa = PBXFileReference; lastKnownFileType = sourcecode.swift; path = AppDelegate.swift; sourceTree = "<group>"; };
		1C3FD28F2BE2EED8007C60B4 /* SceneDelegate.swift */ = {isa = PBXFileReference; lastKnownFileType = sourcecode.swift; path = SceneDelegate.swift; sourceTree = "<group>"; };
		1C3FD2912BE2EED8007C60B4 /* ViewController.swift */ = {isa = PBXFileReference; lastKnownFileType = sourcecode.swift; path = ViewController.swift; sourceTree = "<group>"; };
		1C3FD2942BE2EED8007C60B4 /* Base */ = {isa = PBXFileReference; lastKnownFileType = file.storyboard; name = Base; path = Base.lproj/Main.storyboard; sourceTree = "<group>"; };
		1C3FD2972BE2EED8007C60B4 /* Grade_Calculator.xcdatamodel */ = {isa = PBXFileReference; lastKnownFileType = wrapper.xcdatamodel; path = Grade_Calculator.xcdatamodel; sourceTree = "<group>"; };
		1C3FD2992BE2EED9007C60B4 /* Assets.xcassets */ = {isa = PBXFileReference; lastKnownFileType = folder.assetcatalog; path = Assets.xcassets; sourceTree = "<group>"; };
		1C3FD29C2BE2EED9007C60B4 /* Base */ = {isa = PBXFileReference; lastKnownFileType = file.storyboard; name = Base; path = Base.lproj/LaunchScreen.storyboard; sourceTree = "<group>"; };
		1C3FD29E2BE2EED9007C60B4 /* Info.plist */ = {isa = PBXFileReference; lastKnownFileType = text.plist.xml; path = Info.plist; sourceTree = "<group>"; };
		1C3FD2A32BE2EED9007C60B4 /* Grade CalculatorTests.xctest */ = {isa = PBXFileReference; explicitFileType = wrapper.cfbundle; includeInIndex = 0; path = "Grade CalculatorTests.xctest"; sourceTree = BUILT_PRODUCTS_DIR; };
		1C3FD2A72BE2EED9007C60B4 /* Grade_CalculatorTests.swift */ = {isa = PBXFileReference; lastKnownFileType = sourcecode.swift; path = Grade_CalculatorTests.swift; sourceTree = "<group>"; };
		1C3FD2AD2BE2EED9007C60B4 /* Grade CalculatorUITests.xctest */ = {isa = PBXFileReference; explicitFileType = wrapper.cfbundle; includeInIndex = 0; path = "Grade CalculatorUITests.xctest"; sourceTree = BUILT_PRODUCTS_DIR; };
		1C3FD2B12BE2EED9007C60B4 /* Grade_CalculatorUITests.swift */ = {isa = PBXFileReference; lastKnownFileType = sourcecode.swift; path = Grade_CalculatorUITests.swift; sourceTree = "<group>"; };
		1C3FD2B32BE2EED9007C60B4 /* Grade_CalculatorUITestsLaunchTests.swift */ = {isa = PBXFileReference; lastKnownFileType = sourcecode.swift; path = Grade_CalculatorUITestsLaunchTests.swift; sourceTree = "<group>"; };
		1C3FD2C02BE2EF6C007C60B4 /* SchoolCourse+CoreDataClass.swift */ = {isa = PBXFileReference; lastKnownFileType = sourcecode.swift; path = "SchoolCourse+CoreDataClass.swift"; sourceTree = "<group>"; };
		1C3FD2C12BE2EF6C007C60B4 /* SchoolCourse+CoreDataProperties.swift */ = {isa = PBXFileReference; lastKnownFileType = sourcecode.swift; path = "SchoolCourse+CoreDataProperties.swift"; sourceTree = "<group>"; };
		1C3FD2C22BE2EF6C007C60B4 /* Homework+CoreDataClass.swift */ = {isa = PBXFileReference; lastKnownFileType = sourcecode.swift; path = "Homework+CoreDataClass.swift"; sourceTree = "<group>"; };
		1C3FD2C32BE2EF6C007C60B4 /* Homework+CoreDataProperties.swift */ = {isa = PBXFileReference; lastKnownFileType = sourcecode.swift; path = "Homework+CoreDataProperties.swift"; sourceTree = "<group>"; };
		1C3FD2C82BE2EF92007C60B4 /* DataManager.swift */ = {isa = PBXFileReference; lastKnownFileType = sourcecode.swift; path = DataManager.swift; sourceTree = "<group>"; };
/* End PBXFileReference section */

/* Begin PBXFrameworksBuildPhase section */
		1C3FD2872BE2EED8007C60B4 /* Frameworks */ = {
			isa = PBXFrameworksBuildPhase;
			buildActionMask = 2147483647;
			files = (
			);
			runOnlyForDeploymentPostprocessing = 0;
		};
		1C3FD2A02BE2EED9007C60B4 /* Frameworks */ = {
			isa = PBXFrameworksBuildPhase;
			buildActionMask = 2147483647;
			files = (
			);
			runOnlyForDeploymentPostprocessing = 0;
		};
		1C3FD2AA2BE2EED9007C60B4 /* Frameworks */ = {
			isa = PBXFrameworksBuildPhase;
			buildActionMask = 2147483647;
			files = (
			);
			runOnlyForDeploymentPostprocessing = 0;
		};
/* End PBXFrameworksBuildPhase section */

/* Begin PBXGroup section */
		1C3FD2812BE2EED8007C60B4 = {
			isa = PBXGroup;
			children = (
				1C3FD2C02BE2EF6C007C60B4 /* SchoolCourse+CoreDataClass.swift */,
				1C3FD2C12BE2EF6C007C60B4 /* SchoolCourse+CoreDataProperties.swift */,
				1C3FD2C22BE2EF6C007C60B4 /* Homework+CoreDataClass.swift */,
				1C3FD2C32BE2EF6C007C60B4 /* Homework+CoreDataProperties.swift */,
				1C3FD28C2BE2EED8007C60B4 /* Grade Calculator */,
				1C3FD2A62BE2EED9007C60B4 /* Grade CalculatorTests */,
				1C3FD2B02BE2EED9007C60B4 /* Grade CalculatorUITests */,
				1C3FD28B2BE2EED8007C60B4 /* Products */,
			);
			sourceTree = "<group>";
		};
		1C3FD28B2BE2EED8007C60B4 /* Products */ = {
			isa = PBXGroup;
			children = (
				1C3FD28A2BE2EED8007C60B4 /* Grade Calculator.app */,
				1C3FD2A32BE2EED9007C60B4 /* Grade CalculatorTests.xctest */,
				1C3FD2AD2BE2EED9007C60B4 /* Grade CalculatorUITests.xctest */,
			);
			name = Products;
			sourceTree = "<group>";
		};
		1C3FD28C2BE2EED8007C60B4 /* Grade Calculator */ = {
			isa = PBXGroup;
			children = (
				1C3FD28D2BE2EED8007C60B4 /* AppDelegate.swift */,
				1C3FD28F2BE2EED8007C60B4 /* SceneDelegate.swift */,
				1C3FD2912BE2EED8007C60B4 /* ViewController.swift */,
				1C3FD2932BE2EED8007C60B4 /* Main.storyboard */,
				1C3FD2992BE2EED9007C60B4 /* Assets.xcassets */,
				1C3FD29B2BE2EED9007C60B4 /* LaunchScreen.storyboard */,
				1C3FD29E2BE2EED9007C60B4 /* Info.plist */,
				1C3FD2962BE2EED8007C60B4 /* Grade_Calculator.xcdatamodeld */,
				1C3FD2C82BE2EF92007C60B4 /* DataManager.swift */,
			);
			path = "Grade Calculator";
			sourceTree = "<group>";
		};
		1C3FD2A62BE2EED9007C60B4 /* Grade CalculatorTests */ = {
			isa = PBXGroup;
			children = (
				1C3FD2A72BE2EED9007C60B4 /* Grade_CalculatorTests.swift */,
			);
			path = "Grade CalculatorTests";
			sourceTree = "<group>";
		};
		1C3FD2B02BE2EED9007C60B4 /* Grade CalculatorUITests */ = {
			isa = PBXGroup;
			children = (
				1C3FD2B12BE2EED9007C60B4 /* Grade_CalculatorUITests.swift */,
				1C3FD2B32BE2EED9007C60B4 /* Grade_CalculatorUITestsLaunchTests.swift */,
			);
			path = "Grade CalculatorUITests";
			sourceTree = "<group>";
		};
/* End PBXGroup section */

/* Begin PBXNativeTarget section */
		1C3FD2892BE2EED8007C60B4 /* Grade Calculator */ = {
			isa = PBXNativeTarget;
			buildConfigurationList = 1C3FD2B72BE2EED9007C60B4 /* Build configuration list for PBXNativeTarget "Grade Calculator" */;
			buildPhases = (
				1C3FD2862BE2EED8007C60B4 /* Sources */,
				1C3FD2872BE2EED8007C60B4 /* Frameworks */,
				1C3FD2882BE2EED8007C60B4 /* Resources */,
			);
			buildRules = (
			);
			dependencies = (
			);
			name = "Grade Calculator";
			productName = "Grade Calculator";
			productReference = 1C3FD28A2BE2EED8007C60B4 /* Grade Calculator.app */;
			productType = "com.apple.product-type.application";
		};
		1C3FD2A22BE2EED9007C60B4 /* Grade CalculatorTests */ = {
			isa = PBXNativeTarget;
			buildConfigurationList = 1C3FD2BA2BE2EED9007C60B4 /* Build configuration list for PBXNativeTarget "Grade CalculatorTests" */;
			buildPhases = (
				1C3FD29F2BE2EED9007C60B4 /* Sources */,
				1C3FD2A02BE2EED9007C60B4 /* Frameworks */,
				1C3FD2A12BE2EED9007C60B4 /* Resources */,
			);
			buildRules = (
			);
			dependencies = (
				1C3FD2A52BE2EED9007C60B4 /* PBXTargetDependency */,
			);
			name = "Grade CalculatorTests";
			productName = "Grade CalculatorTests";
			productReference = 1C3FD2A32BE2EED9007C60B4 /* Grade CalculatorTests.xctest */;
			productType = "com.apple.product-type.bundle.unit-test";
		};
		1C3FD2AC2BE2EED9007C60B4 /* Grade CalculatorUITests */ = {
			isa = PBXNativeTarget;
			buildConfigurationList = 1C3FD2BD2BE2EED9007C60B4 /* Build configuration list for PBXNativeTarget "Grade CalculatorUITests" */;
			buildPhases = (
				1C3FD2A92BE2EED9007C60B4 /* Sources */,
				1C3FD2AA2BE2EED9007C60B4 /* Frameworks */,
				1C3FD2AB2BE2EED9007C60B4 /* Resources */,
			);
			buildRules = (
			);
			dependencies = (
				1C3FD2AF2BE2EED9007C60B4 /* PBXTargetDependency */,
			);
			name = "Grade CalculatorUITests";
			productName = "Grade CalculatorUITests";
			productReference = 1C3FD2AD2BE2EED9007C60B4 /* Grade CalculatorUITests.xctest */;
			productType = "com.apple.product-type.bundle.ui-testing";
		};
/* End PBXNativeTarget section */

/* Begin PBXProject section */
		1C3FD2822BE2EED8007C60B4 /* Project object */ = {
			isa = PBXProject;
			attributes = {
				BuildIndependentTargetsInParallel = 1;
				LastSwiftUpdateCheck = 1530;
				LastUpgradeCheck = 1530;
				TargetAttributes = {
					1C3FD2892BE2EED8007C60B4 = {
						CreatedOnToolsVersion = 15.3;
					};
					1C3FD2A22BE2EED9007C60B4 = {
						CreatedOnToolsVersion = 15.3;
						TestTargetID = 1C3FD2892BE2EED8007C60B4;
					};
					1C3FD2AC2BE2EED9007C60B4 = {
						CreatedOnToolsVersion = 15.3;
						TestTargetID = 1C3FD2892BE2EED8007C60B4;
					};
				};
			};
			buildConfigurationList = 1C3FD2852BE2EED8007C60B4 /* Build configuration list for PBXProject "Grade Calculator" */;
			compatibilityVersion = "Xcode 14.0";
			developmentRegion = en;
			hasScannedForEncodings = 0;
			knownRegions = (
				en,
				Base,
			);
			mainGroup = 1C3FD2812BE2EED8007C60B4;
			productRefGroup = 1C3FD28B2BE2EED8007C60B4 /* Products */;
			projectDirPath = "";
			projectRoot = "";
			targets = (
				1C3FD2892BE2EED8007C60B4 /* Grade Calculator */,
				1C3FD2A22BE2EED9007C60B4 /* Grade CalculatorTests */,
				1C3FD2AC2BE2EED9007C60B4 /* Grade CalculatorUITests */,
			);
		};
/* End PBXProject section */

/* Begin PBXResourcesBuildPhase section */
		1C3FD2882BE2EED8007C60B4 /* Resources */ = {
			isa = PBXResourcesBuildPhase;
			buildActionMask = 2147483647;
			files = (
				1C3FD29A2BE2EED9007C60B4 /* Assets.xcassets in Resources */,
				1C3FD29D2BE2EED9007C60B4 /* Base in Resources */,
				1C3FD2952BE2EED8007C60B4 /* Base in Resources */,
			);
			runOnlyForDeploymentPostprocessing = 0;
		};
		1C3FD2A12BE2EED9007C60B4 /* Resources */ = {
			isa = PBXResourcesBuildPhase;
			buildActionMask = 2147483647;
			files = (
			);
			runOnlyForDeploymentPostprocessing = 0;
		};
		1C3FD2AB2BE2EED9007C60B4 /* Resources */ = {
			isa = PBXResourcesBuildPhase;
			buildActionMask = 2147483647;
			files = (
			);
			runOnlyForDeploymentPostprocessing = 0;
		};
/* End PBXResourcesBuildPhase section */

/* Begin PBXSourcesBuildPhase section */
		1C3FD2862BE2EED8007C60B4 /* Sources */ = {
			isa = PBXSourcesBuildPhase;
			buildActionMask = 2147483647;
			files = (
				1C3FD2922BE2EED8007C60B4 /* ViewController.swift in Sources */,
				1C3FD2982BE2EED8007C60B4 /* Grade_Calculator.xcdatamodeld in Sources */,
				1C3FD2C42BE2EF6C007C60B4 /* SchoolCourse+CoreDataClass.swift in Sources */,
				1C3FD2C52BE2EF6C007C60B4 /* SchoolCourse+CoreDataProperties.swift in Sources */,
				1C3FD2C62BE2EF6C007C60B4 /* Homework+CoreDataClass.swift in Sources */,
				1C3FD2C72BE2EF6C007C60B4 /* Homework+CoreDataProperties.swift in Sources */,
				1C3FD28E2BE2EED8007C60B4 /* AppDelegate.swift in Sources */,
				1C3FD2C92BE2EF92007C60B4 /* DataManager.swift in Sources */,
				1C3FD2902BE2EED8007C60B4 /* SceneDelegate.swift in Sources */,
			);
			runOnlyForDeploymentPostprocessing = 0;
		};
		1C3FD29F2BE2EED9007C60B4 /* Sources */ = {
			isa = PBXSourcesBuildPhase;
			buildActionMask = 2147483647;
			files = (
				1C3FD2A82BE2EED9007C60B4 /* Grade_CalculatorTests.swift in Sources */,
			);
			runOnlyForDeploymentPostprocessing = 0;
		};
		1C3FD2A92BE2EED9007C60B4 /* Sources */ = {
			isa = PBXSourcesBuildPhase;
			buildActionMask = 2147483647;
			files = (
				1C3FD2B42BE2EED9007C60B4 /* Grade_CalculatorUITestsLaunchTests.swift in Sources */,
				1C3FD2B22BE2EED9007C60B4 /* Grade_CalculatorUITests.swift in Sources */,
			);
			runOnlyForDeploymentPostprocessing = 0;
		};
/* End PBXSourcesBuildPhase section */

/* Begin PBXTargetDependency section */
		1C3FD2A52BE2EED9007C60B4 /* PBXTargetDependency */ = {
			isa = PBXTargetDependency;
			target = 1C3FD2892BE2EED8007C60B4 /* Grade Calculator */;
			targetProxy = 1C3FD2A42BE2EED9007C60B4 /* PBXContainerItemProxy */;
		};
		1C3FD2AF2BE2EED9007C60B4 /* PBXTargetDependency */ = {
			isa = PBXTargetDependency;
			target = 1C3FD2892BE2EED8007C60B4 /* Grade Calculator */;
			targetProxy = 1C3FD2AE2BE2EED9007C60B4 /* PBXContainerItemProxy */;
		};
/* End PBXTargetDependency section */

/* Begin PBXVariantGroup section */
		1C3FD2932BE2EED8007C60B4 /* Main.storyboard */ = {
			isa = PBXVariantGroup;
			children = (
				1C3FD2942BE2EED8007C60B4 /* Base */,
			);
			name = Main.storyboard;
			sourceTree = "<group>";
		};
		1C3FD29B2BE2EED9007C60B4 /* LaunchScreen.storyboard */ = {
			isa = PBXVariantGroup;
			children = (
				1C3FD29C2BE2EED9007C60B4 /* Base */,
			);
			name = LaunchScreen.storyboard;
			sourceTree = "<group>";
		};
/* End PBXVariantGroup section */

/* Begin XCBuildConfiguration section */
		1C3FD2B52BE2EED9007C60B4 /* Debug */ = {
			isa = XCBuildConfiguration;
			buildSettings = {
				ALWAYS_SEARCH_USER_PATHS = NO;
				ASSETCATALOG_COMPILER_GENERATE_SWIFT_ASSET_SYMBOL_EXTENSIONS = YES;
				CLANG_ANALYZER_NONNULL = YES;
				CLANG_ANALYZER_NUMBER_OBJECT_CONVERSION = YES_AGGRESSIVE;
				CLANG_CXX_LANGUAGE_STANDARD = "gnu++20";
				CLANG_ENABLE_MODULES = YES;
				CLANG_ENABLE_OBJC_ARC = YES;
				CLANG_ENABLE_OBJC_WEAK = YES;
				CLANG_WARN_BLOCK_CAPTURE_AUTORELEASING = YES;
				CLANG_WARN_BOOL_CONVERSION = YES;
				CLANG_WARN_COMMA = YES;
				CLANG_WARN_CONSTANT_CONVERSION = YES;
				CLANG_WARN_DEPRECATED_OBJC_IMPLEMENTATIONS = YES;
				CLANG_WARN_DIRECT_OBJC_ISA_USAGE = YES_ERROR;
				CLANG_WARN_DOCUMENTATION_COMMENTS = YES;
				CLANG_WARN_EMPTY_BODY = YES;
				CLANG_WARN_ENUM_CONVERSION = YES;
				CLANG_WARN_INFINITE_RECURSION = YES;
				CLANG_WARN_INT_CONVERSION = YES;
				CLANG_WARN_NON_LITERAL_NULL_CONVERSION = YES;
				CLANG_WARN_OBJC_IMPLICIT_RETAIN_SELF = YES;
				CLANG_WARN_OBJC_LITERAL_CONVERSION = YES;
				CLANG_WARN_OBJC_ROOT_CLASS = YES_ERROR;
				CLANG_WARN_QUOTED_INCLUDE_IN_FRAMEWORK_HEADER = YES;
				CLANG_WARN_RANGE_LOOP_ANALYSIS = YES;
				CLANG_WARN_STRICT_PROTOTYPES = YES;
				CLANG_WARN_SUSPICIOUS_MOVE = YES;
				CLANG_WARN_UNGUARDED_AVAILABILITY = YES_AGGRESSIVE;
				CLANG_WARN_UNREACHABLE_CODE = YES;
				CLANG_WARN__DUPLICATE_METHOD_MATCH = YES;
				COPY_PHASE_STRIP = NO;
				DEBUG_INFORMATION_FORMAT = dwarf;
				ENABLE_STRICT_OBJC_MSGSEND = YES;
				ENABLE_TESTABILITY = YES;
				ENABLE_USER_SCRIPT_SANDBOXING = YES;
				GCC_C_LANGUAGE_STANDARD = gnu17;
				GCC_DYNAMIC_NO_PIC = NO;
				GCC_NO_COMMON_BLOCKS = YES;
				GCC_OPTIMIZATION_LEVEL = 0;
				GCC_PREPROCESSOR_DEFINITIONS = (
					"DEBUG=1",
					"$(inherited)",
				);
				GCC_WARN_64_TO_32_BIT_CONVERSION = YES;
				GCC_WARN_ABOUT_RETURN_TYPE = YES_ERROR;
				GCC_WARN_UNDECLARED_SELECTOR = YES;
				GCC_WARN_UNINITIALIZED_AUTOS = YES_AGGRESSIVE;
				GCC_WARN_UNUSED_FUNCTION = YES;
				GCC_WARN_UNUSED_VARIABLE = YES;
				IPHONEOS_DEPLOYMENT_TARGET = 17.4;
				LOCALIZATION_PREFERS_STRING_CATALOGS = YES;
				MTL_ENABLE_DEBUG_INFO = INCLUDE_SOURCE;
				MTL_FAST_MATH = YES;
				ONLY_ACTIVE_ARCH = YES;
				SDKROOT = iphoneos;
				SWIFT_ACTIVE_COMPILATION_CONDITIONS = "DEBUG $(inherited)";
				SWIFT_OPTIMIZATION_LEVEL = "-Onone";
			};
			name = Debug;
		};
		1C3FD2B62BE2EED9007C60B4 /* Release */ = {
			isa = XCBuildConfiguration;
			buildSettings = {
				ALWAYS_SEARCH_USER_PATHS = NO;
				ASSETCATALOG_COMPILER_GENERATE_SWIFT_ASSET_SYMBOL_EXTENSIONS = YES;
				CLANG_ANALYZER_NONNULL = YES;
				CLANG_ANALYZER_NUMBER_OBJECT_CONVERSION = YES_AGGRESSIVE;
				CLANG_CXX_LANGUAGE_STANDARD = "gnu++20";
				CLANG_ENABLE_MODULES = YES;
				CLANG_ENABLE_OBJC_ARC = YES;
				CLANG_ENABLE_OBJC_WEAK = YES;
				CLANG_WARN_BLOCK_CAPTURE_AUTORELEASING = YES;
				CLANG_WARN_BOOL_CONVERSION = YES;
				CLANG_WARN_COMMA = YES;
				CLANG_WARN_CONSTANT_CONVERSION = YES;
				CLANG_WARN_DEPRECATED_OBJC_IMPLEMENTATIONS = YES;
				CLANG_WARN_DIRECT_OBJC_ISA_USAGE = YES_ERROR;
				CLANG_WARN_DOCUMENTATION_COMMENTS = YES;
				CLANG_WARN_EMPTY_BODY = YES;
				CLANG_WARN_ENUM_CONVERSION = YES;
				CLANG_WARN_INFINITE_RECURSION = YES;
				CLANG_WARN_INT_CONVERSION = YES;
				CLANG_WARN_NON_LITERAL_NULL_CONVERSION = YES;
				CLANG_WARN_OBJC_IMPLICIT_RETAIN_SELF = YES;
				CLANG_WARN_OBJC_LITERAL_CONVERSION = YES;
				CLANG_WARN_OBJC_ROOT_CLASS = YES_ERROR;
				CLANG_WARN_QUOTED_INCLUDE_IN_FRAMEWORK_HEADER = YES;
				CLANG_WARN_RANGE_LOOP_ANALYSIS = YES;
				CLANG_WARN_STRICT_PROTOTYPES = YES;
				CLANG_WARN_SUSPICIOUS_MOVE = YES;
				CLANG_WARN_UNGUARDED_AVAILABILITY = YES_AGGRESSIVE;
				CLANG_WARN_UNREACHABLE_CODE = YES;
				CLANG_WARN__DUPLICATE_METHOD_MATCH = YES;
				COPY_PHASE_STRIP = NO;
				DEBUG_INFORMATION_FORMAT = "dwarf-with-dsym";
				ENABLE_NS_ASSERTIONS = NO;
				ENABLE_STRICT_OBJC_MSGSEND = YES;
				ENABLE_USER_SCRIPT_SANDBOXING = YES;
				GCC_C_LANGUAGE_STANDARD = gnu17;
				GCC_NO_COMMON_BLOCKS = YES;
				GCC_WARN_64_TO_32_BIT_CONVERSION = YES;
				GCC_WARN_ABOUT_RETURN_TYPE = YES_ERROR;
				GCC_WARN_UNDECLARED_SELECTOR = YES;
				GCC_WARN_UNINITIALIZED_AUTOS = YES_AGGRESSIVE;
				GCC_WARN_UNUSED_FUNCTION = YES;
				GCC_WARN_UNUSED_VARIABLE = YES;
				IPHONEOS_DEPLOYMENT_TARGET = 17.4;
				LOCALIZATION_PREFERS_STRING_CATALOGS = YES;
				MTL_ENABLE_DEBUG_INFO = NO;
				MTL_FAST_MATH = YES;
				SDKROOT = iphoneos;
				SWIFT_COMPILATION_MODE = wholemodule;
				VALIDATE_PRODUCT = YES;
			};
			name = Release;
		};
		1C3FD2B82BE2EED9007C60B4 /* Debug */ = {
			isa = XCBuildConfiguration;
			buildSettings = {
				ASSETCATALOG_COMPILER_APPICON_NAME = AppIcon;
				ASSETCATALOG_COMPILER_GLOBAL_ACCENT_COLOR_NAME = AccentColor;
				CODE_SIGN_STYLE = Automatic;
				CURRENT_PROJECT_VERSION = 1;
				DEVELOPMENT_TEAM = WTUSBFGUVC;
				GENERATE_INFOPLIST_FILE = YES;
				INFOPLIST_FILE = "Grade Calculator/Info.plist";
				INFOPLIST_KEY_UIApplicationSupportsIndirectInputEvents = YES;
				INFOPLIST_KEY_UILaunchStoryboardName = LaunchScreen;
				INFOPLIST_KEY_UIMainStoryboardFile = Main;
				INFOPLIST_KEY_UISupportedInterfaceOrientations_iPad = "UIInterfaceOrientationPortrait UIInterfaceOrientationPortraitUpsideDown UIInterfaceOrientationLandscapeLeft UIInterfaceOrientationLandscapeRight";
				INFOPLIST_KEY_UISupportedInterfaceOrientations_iPhone = "UIInterfaceOrientationPortrait UIInterfaceOrientationLandscapeLeft UIInterfaceOrientationLandscapeRight";
				LD_RUNPATH_SEARCH_PATHS = (
					"$(inherited)",
					"@executable_path/Frameworks",
				);
				MARKETING_VERSION = 1.0;
				PRODUCT_BUNDLE_IDENTIFIER = "com.leemarshallchris.Grade-Calculator";
				PRODUCT_NAME = "$(TARGET_NAME)";
				SWIFT_EMIT_LOC_STRINGS = YES;
				SWIFT_VERSION = 5.0;
				TARGETED_DEVICE_FAMILY = "1,2";
			};
			name = Debug;
		};
		1C3FD2B92BE2EED9007C60B4 /* Release */ = {
			isa = XCBuildConfiguration;
			buildSettings = {
				ASSETCATALOG_COMPILER_APPICON_NAME = AppIcon;
				ASSETCATALOG_COMPILER_GLOBAL_ACCENT_COLOR_NAME = AccentColor;
				CODE_SIGN_STYLE = Automatic;
				CURRENT_PROJECT_VERSION = 1;
				DEVELOPMENT_TEAM = WTUSBFGUVC;
				GENERATE_INFOPLIST_FILE = YES;
				INFOPLIST_FILE = "Grade Calculator/Info.plist";
				INFOPLIST_KEY_UIApplicationSupportsIndirectInputEvents = YES;
				INFOPLIST_KEY_UILaunchStoryboardName = LaunchScreen;
				INFOPLIST_KEY_UIMainStoryboardFile = Main;
				INFOPLIST_KEY_UISupportedInterfaceOrientations_iPad = "UIInterfaceOrientationPortrait UIInterfaceOrientationPortraitUpsideDown UIInterfaceOrientationLandscapeLeft UIInterfaceOrientationLandscapeRight";
				INFOPLIST_KEY_UISupportedInterfaceOrientations_iPhone = "UIInterfaceOrientationPortrait UIInterfaceOrientationLandscapeLeft UIInterfaceOrientationLandscapeRight";
				LD_RUNPATH_SEARCH_PATHS = (
					"$(inherited)",
					"@executable_path/Frameworks",
				);
				MARKETING_VERSION = 1.0;
				PRODUCT_BUNDLE_IDENTIFIER = "com.leemarshallchris.Grade-Calculator";
				PRODUCT_NAME = "$(TARGET_NAME)";
				SWIFT_EMIT_LOC_STRINGS = YES;
				SWIFT_VERSION = 5.0;
				TARGETED_DEVICE_FAMILY = "1,2";
			};
			name = Release;
		};
		1C3FD2BB2BE2EED9007C60B4 /* Debug */ = {
			isa = XCBuildConfiguration;
			buildSettings = {
				ALWAYS_EMBED_SWIFT_STANDARD_LIBRARIES = YES;
				BUNDLE_LOADER = "$(TEST_HOST)";
				CODE_SIGN_STYLE = Automatic;
				CURRENT_PROJECT_VERSION = 1;
				DEVELOPMENT_TEAM = WTUSBFGUVC;
				GENERATE_INFOPLIST_FILE = YES;
				IPHONEOS_DEPLOYMENT_TARGET = 17.4;
				MARKETING_VERSION = 1.0;
				PRODUCT_BUNDLE_IDENTIFIER = "com.leemarshallchris.Grade-CalculatorTests";
				PRODUCT_NAME = "$(TARGET_NAME)";
				SWIFT_EMIT_LOC_STRINGS = NO;
				SWIFT_VERSION = 5.0;
				TARGETED_DEVICE_FAMILY = "1,2";
				TEST_HOST = "$(BUILT_PRODUCTS_DIR)/Grade Calculator.app/$(BUNDLE_EXECUTABLE_FOLDER_PATH)/Grade Calculator";
			};
			name = Debug;
		};
		1C3FD2BC2BE2EED9007C60B4 /* Release */ = {
			isa = XCBuildConfiguration;
			buildSettings = {
				ALWAYS_EMBED_SWIFT_STANDARD_LIBRARIES = YES;
				BUNDLE_LOADER = "$(TEST_HOST)";
				CODE_SIGN_STYLE = Automatic;
				CURRENT_PROJECT_VERSION = 1;
				DEVELOPMENT_TEAM = WTUSBFGUVC;
				GENERATE_INFOPLIST_FILE = YES;
				IPHONEOS_DEPLOYMENT_TARGET = 17.4;
				MARKETING_VERSION = 1.0;
				PRODUCT_BUNDLE_IDENTIFIER = "com.leemarshallchris.Grade-CalculatorTests";
				PRODUCT_NAME = "$(TARGET_NAME)";
				SWIFT_EMIT_LOC_STRINGS = NO;
				SWIFT_VERSION = 5.0;
				TARGETED_DEVICE_FAMILY = "1,2";
				TEST_HOST = "$(BUILT_PRODUCTS_DIR)/Grade Calculator.app/$(BUNDLE_EXECUTABLE_FOLDER_PATH)/Grade Calculator";
			};
			name = Release;
		};
		1C3FD2BE2BE2EED9007C60B4 /* Debug */ = {
			isa = XCBuildConfiguration;
			buildSettings = {
				ALWAYS_EMBED_SWIFT_STANDARD_LIBRARIES = YES;
				CODE_SIGN_STYLE = Automatic;
				CURRENT_PROJECT_VERSION = 1;
				DEVELOPMENT_TEAM = WTUSBFGUVC;
				GENERATE_INFOPLIST_FILE = YES;
				MARKETING_VERSION = 1.0;
				PRODUCT_BUNDLE_IDENTIFIER = "com.leemarshallchris.Grade-CalculatorUITests";
				PRODUCT_NAME = "$(TARGET_NAME)";
				SWIFT_EMIT_LOC_STRINGS = NO;
				SWIFT_VERSION = 5.0;
				TARGETED_DEVICE_FAMILY = "1,2";
				TEST_TARGET_NAME = "Grade Calculator";
			};
			name = Debug;
		};
		1C3FD2BF2BE2EED9007C60B4 /* Release */ = {
			isa = XCBuildConfiguration;
			buildSettings = {
				ALWAYS_EMBED_SWIFT_STANDARD_LIBRARIES = YES;
				CODE_SIGN_STYLE = Automatic;
				CURRENT_PROJECT_VERSION = 1;
				DEVELOPMENT_TEAM = WTUSBFGUVC;
				GENERATE_INFOPLIST_FILE = YES;
				MARKETING_VERSION = 1.0;
				PRODUCT_BUNDLE_IDENTIFIER = "com.leemarshallchris.Grade-CalculatorUITests";
				PRODUCT_NAME = "$(TARGET_NAME)";
				SWIFT_EMIT_LOC_STRINGS = NO;
				SWIFT_VERSION = 5.0;
				TARGETED_DEVICE_FAMILY = "1,2";
				TEST_TARGET_NAME = "Grade Calculator";
			};
			name = Release;
		};
/* End XCBuildConfiguration section */

/* Begin XCConfigurationList section */
		1C3FD2852BE2EED8007C60B4 /* Build configuration list for PBXProject "Grade Calculator" */ = {
			isa = XCConfigurationList;
			buildConfigurations = (
				1C3FD2B52BE2EED9007C60B4 /* Debug */,
				1C3FD2B62BE2EED9007C60B4 /* Release */,
			);
			defaultConfigurationIsVisible = 0;
			defaultConfigurationName = Release;
		};
		1C3FD2B72BE2EED9007C60B4 /* Build configuration list for PBXNativeTarget "Grade Calculator" */ = {
			isa = XCConfigurationList;
			buildConfigurations = (
				1C3FD2B82BE2EED9007C60B4 /* Debug */,
				1C3FD2B92BE2EED9007C60B4 /* Release */,
			);
			defaultConfigurationIsVisible = 0;
			defaultConfigurationName = Release;
		};
		1C3FD2BA2BE2EED9007C60B4 /* Build configuration list for PBXNativeTarget "Grade CalculatorTests" */ = {
			isa = XCConfigurationList;
			buildConfigurations = (
				1C3FD2BB2BE2EED9007C60B4 /* Debug */,
				1C3FD2BC2BE2EED9007C60B4 /* Release */,
			);
			defaultConfigurationIsVisible = 0;
			defaultConfigurationName = Release;
		};
		1C3FD2BD2BE2EED9007C60B4 /* Build configuration list for PBXNativeTarget "Grade CalculatorUITests" */ = {
			isa = XCConfigurationList;
			buildConfigurations = (
				1C3FD2BE2BE2EED9007C60B4 /* Debug */,
				1C3FD2BF2BE2EED9007C60B4 /* Release */,
			);
			defaultConfigurationIsVisible = 0;
			defaultConfigurationName = Release;
		};
/* End XCConfigurationList section */

/* Begin XCVersionGroup section */
		1C3FD2962BE2EED8007C60B4 /* Grade_Calculator.xcdatamodeld */ = {
			isa = XCVersionGroup;
			children = (
				1C3FD2972BE2EED8007C60B4 /* Grade_Calculator.xcdatamodel */,
			);
			currentVersion = 1C3FD2972BE2EED8007C60B4 /* Grade_Calculator.xcdatamodel */;
			path = Grade_Calculator.xcdatamodeld;
			sourceTree = "<group>";
			versionGroupType = wrapper.xcdatamodel;
		};
/* End XCVersionGroup section */
	};
	rootObject = 1C3FD2822BE2EED8007C60B4 /* Project object */;
}
